
Microsoft Visual Studio Solution File, Format Version 12.00
# Visual Studio 15
VisualStudioVersion = 15.0.26124.0
MinimumVisualStudioVersion = 15.0.26124.0
Project("{FAE04EC0-301F-11D3-BF4B-00C04F79EFBC}") = "Models", "Models\Models.csproj", "{180BADB0-F001-4181-9238-70E207B0F5E4}"
EndProject
Project("{FAE04EC0-301F-11D3-BF4B-00C04F79EFBC}") = "Data", "Data\Data.csproj", "{1811410C-C491-48E4-82B7-63747699EF0B}"
EndProject
Project("{FAE04EC0-301F-11D3-BF4B-00C04F79EFBC}") = "Core", "Core\Core.csproj", "{8F70ADBA-D01A-431D-B62B-4E6915EDCF95}"
EndProject
Project("{FAE04EC0-301F-11D3-BF4B-00C04F79EFBC}") = "GraphQL", "GraphQL\GraphQL.csproj", "{D68294A6-B315-48C4-B70A-D88F28B1ECC2}"
EndProject
Global
	GlobalSection(SolutionConfigurationPlatforms) = preSolution
		Debug|Any CPU = Debug|Any CPU
		Debug|x64 = Debug|x64
		Debug|x86 = Debug|x86
		Release|Any CPU = Release|Any CPU
		Release|x64 = Release|x64
		Release|x86 = Release|x86
	EndGlobalSection
	GlobalSection(SolutionProperties) = preSolution
		HideSolutionNode = FALSE
	EndGlobalSection
	GlobalSection(ProjectConfigurationPlatforms) = postSolution
		{180BADB0-F001-4181-9238-70E207B0F5E4}.Debug|Any CPU.ActiveCfg = Debug|Any CPU
		{180BADB0-F001-4181-9238-70E207B0F5E4}.Debug|Any CPU.Build.0 = Debug|Any CPU
		{180BADB0-F001-4181-9238-70E207B0F5E4}.Debug|x64.ActiveCfg = Debug|Any CPU
		{180BADB0-F001-4181-9238-70E207B0F5E4}.Debug|x64.Build.0 = Debug|Any CPU
		{180BADB0-F001-4181-9238-70E207B0F5E4}.Debug|x86.ActiveCfg = Debug|Any CPU
		{180BADB0-F001-4181-9238-70E207B0F5E4}.Debug|x86.Build.0 = Debug|Any CPU
		{180BADB0-F001-4181-9238-70E207B0F5E4}.Release|Any CPU.ActiveCfg = Release|Any CPU
		{180BADB0-F001-4181-9238-70E207B0F5E4}.Release|Any CPU.Build.0 = Release|Any CPU
		{180BADB0-F001-4181-9238-70E207B0F5E4}.Release|x64.ActiveCfg = Release|Any CPU
		{180BADB0-F001-4181-9238-70E207B0F5E4}.Release|x64.Build.0 = Release|Any CPU
		{180BADB0-F001-4181-9238-70E207B0F5E4}.Release|x86.ActiveCfg = Release|Any CPU
		{180BADB0-F001-4181-9238-70E207B0F5E4}.Release|x86.Build.0 = Release|Any CPU
		{1811410C-C491-48E4-82B7-63747699EF0B}.Debug|Any CPU.ActiveCfg = Debug|Any CPU
		{1811410C-C491-48E4-82B7-63747699EF0B}.Debug|Any CPU.Build.0 = Debug|Any CPU
		{1811410C-C491-48E4-82B7-63747699EF0B}.Debug|x64.ActiveCfg = Debug|Any CPU
		{1811410C-C491-48E4-82B7-63747699EF0B}.Debug|x64.Build.0 = Debug|Any CPU
		{1811410C-C491-48E4-82B7-63747699EF0B}.Debug|x86.ActiveCfg = Debug|Any CPU
		{1811410C-C491-48E4-82B7-63747699EF0B}.Debug|x86.Build.0 = Debug|Any CPU
		{1811410C-C491-48E4-82B7-63747699EF0B}.Release|Any CPU.ActiveCfg = Release|Any CPU
		{1811410C-C491-48E4-82B7-63747699EF0B}.Release|Any CPU.Build.0 = Release|Any CPU
		{1811410C-C491-48E4-82B7-63747699EF0B}.Release|x64.ActiveCfg = Release|Any CPU
		{1811410C-C491-48E4-82B7-63747699EF0B}.Release|x64.Build.0 = Release|Any CPU
		{1811410C-C491-48E4-82B7-63747699EF0B}.Release|x86.ActiveCfg = Release|Any CPU
		{1811410C-C491-48E4-82B7-63747699EF0B}.Release|x86.Build.0 = Release|Any CPU
		{8F70ADBA-D01A-431D-B62B-4E6915EDCF95}.Debug|Any CPU.ActiveCfg = Debug|Any CPU
		{8F70ADBA-D01A-431D-B62B-4E6915EDCF95}.Debug|Any CPU.Build.0 = Debug|Any CPU
		{8F70ADBA-D01A-431D-B62B-4E6915EDCF95}.Debug|x64.ActiveCfg = Debug|Any CPU
		{8F70ADBA-D01A-431D-B62B-4E6915EDCF95}.Debug|x64.Build.0 = Debug|Any CPU
		{8F70ADBA-D01A-431D-B62B-4E6915EDCF95}.Debug|x86.ActiveCfg = Debug|Any CPU
		{8F70ADBA-D01A-431D-B62B-4E6915EDCF95}.Debug|x86.Build.0 = Debug|Any CPU
		{8F70ADBA-D01A-431D-B62B-4E6915EDCF95}.Release|Any CPU.ActiveCfg = Release|Any CPU
		{8F70ADBA-D01A-431D-B62B-4E6915EDCF95}.Release|Any CPU.Build.0 = Release|Any CPU
		{8F70ADBA-D01A-431D-B62B-4E6915EDCF95}.Release|x64.ActiveCfg = Release|Any CPU
		{8F70ADBA-D01A-431D-B62B-4E6915EDCF95}.Release|x64.Build.0 = Release|Any CPU
		{8F70ADBA-D01A-431D-B62B-4E6915EDCF95}.Release|x86.ActiveCfg = Release|Any CPU
		{8F70ADBA-D01A-431D-B62B-4E6915EDCF95}.Release|x86.Build.0 = Release|Any CPU
		{D68294A6-B315-48C4-B70A-D88F28B1ECC2}.Debug|Any CPU.ActiveCfg = Debug|Any CPU
		{D68294A6-B315-48C4-B70A-D88F28B1ECC2}.Debug|Any CPU.Build.0 = Debug|Any CPU
		{D68294A6-B315-48C4-B70A-D88F28B1ECC2}.Debug|x64.ActiveCfg = Debug|Any CPU
		{D68294A6-B315-48C4-B70A-D88F28B1ECC2}.Debug|x64.Build.0 = Debug|Any CPU
		{D68294A6-B315-48C4-B70A-D88F28B1ECC2}.Debug|x86.ActiveCfg = Debug|Any CPU
		{D68294A6-B315-48C4-B70A-D88F28B1ECC2}.Debug|x86.Build.0 = Debug|Any CPU
		{D68294A6-B315-48C4-B70A-D88F28B1ECC2}.Release|Any CPU.ActiveCfg = Release|Any CPU
		{D68294A6-B315-48C4-B70A-D88F28B1ECC2}.Release|Any CPU.Build.0 = Release|Any CPU
		{D68294A6-B315-48C4-B70A-D88F28B1ECC2}.Release|x64.ActiveCfg = Release|Any CPU
		{D68294A6-B315-48C4-B70A-D88F28B1ECC2}.Release|x64.Build.0 = Release|Any CPU
		{D68294A6-B315-48C4-B70A-D88F28B1ECC2}.Release|x86.ActiveCfg = Release|Any CPU
		{D68294A6-B315-48C4-B70A-D88F28B1ECC2}.Release|x86.Build.0 = Release|Any CPU
	EndGlobalSection
EndGlobal
